
Microsoft Visual Studio Solution File, Format Version 12.00
# Visual Studio Version 17
VisualStudioVersion = 17.14.36310.24 d17.14
MinimumVisualStudioVersion = 10.0.40219.1
Project("{FAE04EC0-301F-11D3-BF4B-00C04F79EFBC}") = "Fly", "Fly\Fly.csproj", "{D314DF3E-0E32-44C0-8D77-DA057540CCC3}"
EndProject
Global
	GlobalSection(SolutionConfigurationPlatforms) = preSolution
		Debug|Any CPU = Debug|Any CPU
		Release|Any CPU = Release|Any CPU
	EndGlobalSection
	GlobalSection(ProjectConfigurationPlatforms) = postSolution
		{D314DF3E-0E32-44C0-8D77-DA057540CCC3}.Debug|Any CPU.ActiveCfg = Debug|Any CPU
		{D314DF3E-0E32-44C0-8D77-DA057540CCC3}.Debug|Any CPU.Build.0 = Debug|Any CPU
		{D314DF3E-0E32-44C0-8D77-DA057540CCC3}.Release|Any CPU.ActiveCfg = Release|Any CPU
		{D314DF3E-0E32-44C0-8D77-DA057540CCC3}.Release|Any CPU.Build.0 = Release|Any CPU
	EndGlobalSection
	GlobalSection(SolutionProperties) = preSolution
		HideSolutionNode = FALSE
	EndGlobalSection
	GlobalSection(ExtensibilityGlobals) = postSolution
		SolutionGuid = {19342D9E-CD29-4665-84E5-04A9DE3E2DFB}
	EndGlobalSection
EndGlobal
